
Microsoft Visual Studio Solution File, Format Version 12.00
# Visual Studio Version 17
VisualStudioVersion = 17.5.002.0
MinimumVisualStudioVersion = 10.0.40219.1
Project("{9A19103F-16F7-4668-BE54-9A1E7A4F7556}") = "netherumeApp", "netherumeApp.csproj", "{839543F9-6C3C-4E30-BAA2-56785DBE6BB1}"
EndProject
Global
	GlobalSection(SolutionConfigurationPlatforms) = preSolution
		Debug|Any CPU = Debug|Any CPU
		Release|Any CPU = Release|Any CPU
	EndGlobalSection
	GlobalSection(ProjectConfigurationPlatforms) = postSolution
		{839543F9-6C3C-4E30-BAA2-56785DBE6BB1}.Debug|Any CPU.ActiveCfg = Debug|Any CPU
		{839543F9-6C3C-4E30-BAA2-56785DBE6BB1}.Debug|Any CPU.Build.0 = Debug|Any CPU
		{839543F9-6C3C-4E30-BAA2-56785DBE6BB1}.Release|Any CPU.ActiveCfg = Release|Any CPU
		{839543F9-6C3C-4E30-BAA2-56785DBE6BB1}.Release|Any CPU.Build.0 = Release|Any CPU
	EndGlobalSection
	GlobalSection(SolutionProperties) = preSolution
		HideSolutionNode = FALSE
	EndGlobalSection
	GlobalSection(ExtensibilityGlobals) = postSolution
		SolutionGuid = {A7060313-D001-43BC-916D-A51D532C00D7}
	EndGlobalSection
EndGlobal
